
Microsoft Visual Studio Solution File, Format Version 12.00
# Visual Studio Version 16
VisualStudioVersion = 16.0.30611.23
MinimumVisualStudioVersion = 10.0.40219.1
Project("{FAE04EC0-301F-11D3-BF4B-00C04F79EFBC}") = "CursoDesignPatterns1", "CursoDesignPatterns1\CursoDesignPatterns1.csproj", "{745619E0-0F0A-458A-B20E-967A1759CF10}"
EndProject
Global
	GlobalSection(SolutionConfigurationPlatforms) = preSolution
		Debug|Any CPU = Debug|Any CPU
		Release|Any CPU = Release|Any CPU
	EndGlobalSection
	GlobalSection(ProjectConfigurationPlatforms) = postSolution
		{745619E0-0F0A-458A-B20E-967A1759CF10}.Debug|Any CPU.ActiveCfg = Debug|Any CPU
		{745619E0-0F0A-458A-B20E-967A1759CF10}.Debug|Any CPU.Build.0 = Debug|Any CPU
		{745619E0-0F0A-458A-B20E-967A1759CF10}.Release|Any CPU.ActiveCfg = Release|Any CPU
		{745619E0-0F0A-458A-B20E-967A1759CF10}.Release|Any CPU.Build.0 = Release|Any CPU
	EndGlobalSection
	GlobalSection(SolutionProperties) = preSolution
		HideSolutionNode = FALSE
	EndGlobalSection
	GlobalSection(ExtensibilityGlobals) = postSolution
		SolutionGuid = {C02BFEE6-CF37-47BA-8229-CE6AADA66C87}
	EndGlobalSection
EndGlobal
